
Microsoft Visual Studio Solution File, Format Version 12.00
Project("{FAE04EC0-301F-11D3-BF4B-00C04F79EFBC}") = "SuperStreamDeck.App", "SuperStreamDeck.App\SuperStreamDeck.App.csproj", "{C7A1BD35-BC50-4868-B54B-4FBF2391DAF2}"
EndProject
Project("{FAE04EC0-301F-11D3-BF4B-00C04F79EFBC}") = "StreamDeck.Driver", "StreamDeck.Driver\StreamDeck.Driver.csproj", "{6DAF32C5-2C6E-4A40-AA3A-A014DFBBF091}"
EndProject
Global
	GlobalSection(SolutionConfigurationPlatforms) = preSolution
		Debug|Any CPU = Debug|Any CPU
		Release|Any CPU = Release|Any CPU
	EndGlobalSection
	GlobalSection(ProjectConfigurationPlatforms) = postSolution
		{C7A1BD35-BC50-4868-B54B-4FBF2391DAF2}.Debug|Any CPU.ActiveCfg = Debug|Any CPU
		{C7A1BD35-BC50-4868-B54B-4FBF2391DAF2}.Debug|Any CPU.Build.0 = Debug|Any CPU
		{C7A1BD35-BC50-4868-B54B-4FBF2391DAF2}.Release|Any CPU.ActiveCfg = Release|Any CPU
		{C7A1BD35-BC50-4868-B54B-4FBF2391DAF2}.Release|Any CPU.Build.0 = Release|Any CPU
		{6DAF32C5-2C6E-4A40-AA3A-A014DFBBF091}.Debug|Any CPU.ActiveCfg = Debug|Any CPU
		{6DAF32C5-2C6E-4A40-AA3A-A014DFBBF091}.Debug|Any CPU.Build.0 = Debug|Any CPU
		{6DAF32C5-2C6E-4A40-AA3A-A014DFBBF091}.Release|Any CPU.ActiveCfg = Release|Any CPU
		{6DAF32C5-2C6E-4A40-AA3A-A014DFBBF091}.Release|Any CPU.Build.0 = Release|Any CPU
	EndGlobalSection
EndGlobal
